{
  "requires": true,
  "lockfileVersion": 1,
  "dependencies": {
    "jquery": {
      "version": "3.4.0",
      "resolved": "https://registry.npmjs.org/jquery/-/jquery-3.4.0.tgz",
      "integrity": "sha512-ggRCXln9zEqv6OqAGXFEcshF5dSBvCkzj6Gm2gzuR5fWawaX8t7cxKVkkygKODrDAzKdoYw3l/e3pm3vlT4IbQ=="
    },
    "tilt.js": {
      "version": "1.2.1",
      "resolved": "https://registry.npmjs.org/tilt.js/-/tilt.js-1.2.1.tgz",
      "integrity": "sha512-IGRh3FJbq6BRH2ETb2KxDWont2k740oR+0QMs39QVkjnr7QmA6L1VzSKsOLgFXg5QNtHyRKp7vzFoJCYxgzsJA==",
      "requires": {
        "jquery": "^3.1.1"
      }
    },
    "vanilla-tilt": {
      "version": "1.7.0",
      "resolved": "https://registry.npmjs.org/vanilla-tilt/-/vanilla-tilt-1.7.0.tgz",
      "integrity": "sha512-u9yUhpSasFeqQCuiTon+RSb0aHzcj9stvWVXQIswzKL5oG491lkYk7U1GmhOAEZt7yPT6EiYZRJhIh2MFBncOA=="
    }
  }
}
